
Microsoft Visual Studio Solution File, Format Version 12.00
# Visual Studio Version 16
VisualStudioVersion = 16.0.29503.13
MinimumVisualStudioVersion = 10.0.40219.1
Project("{FAE04EC0-301F-11D3-BF4B-00C04F79EFBC}") = "MyClasses", "MyClasses\MyClasses.csproj", "{21566C38-13DA-4629-9FFB-883CABF98B68}"
EndProject
Project("{FAE04EC0-301F-11D3-BF4B-00C04F79EFBC}") = "MyClassesTest", "MyClassesTest\MyClassesTest.csproj", "{C8F2164E-EE5F-4DD7-8615-B136B5E9A732}"
EndProject
Global
	GlobalSection(SolutionConfigurationPlatforms) = preSolution
		Debug|Any CPU = Debug|Any CPU
		Release|Any CPU = Release|Any CPU
	EndGlobalSection
	GlobalSection(ProjectConfigurationPlatforms) = postSolution
		{21566C38-13DA-4629-9FFB-883CABF98B68}.Debug|Any CPU.ActiveCfg = Debug|Any CPU
		{21566C38-13DA-4629-9FFB-883CABF98B68}.Debug|Any CPU.Build.0 = Debug|Any CPU
		{21566C38-13DA-4629-9FFB-883CABF98B68}.Release|Any CPU.ActiveCfg = Release|Any CPU
		{21566C38-13DA-4629-9FFB-883CABF98B68}.Release|Any CPU.Build.0 = Release|Any CPU
		{C8F2164E-EE5F-4DD7-8615-B136B5E9A732}.Debug|Any CPU.ActiveCfg = Debug|Any CPU
		{C8F2164E-EE5F-4DD7-8615-B136B5E9A732}.Debug|Any CPU.Build.0 = Debug|Any CPU
		{C8F2164E-EE5F-4DD7-8615-B136B5E9A732}.Release|Any CPU.ActiveCfg = Release|Any CPU
		{C8F2164E-EE5F-4DD7-8615-B136B5E9A732}.Release|Any CPU.Build.0 = Release|Any CPU
	EndGlobalSection
	GlobalSection(SolutionProperties) = preSolution
		HideSolutionNode = FALSE
	EndGlobalSection
	GlobalSection(ExtensibilityGlobals) = postSolution
		SolutionGuid = {9C66408E-C918-4B57-A188-5E3AF0E0CB53}
	EndGlobalSection
EndGlobal
